
Microsoft Visual Studio Solution File, Format Version 12.00
# Visual Studio Version 16
VisualStudioVersion = 16.0.31729.503
MinimumVisualStudioVersion = 10.0.40219.1
Project("{FAE04EC0-301F-11D3-BF4B-00C04F79EFBC}") = "ProyectoHospital", "ProyectoHospital\ProyectoHospital.csproj", "{2BC253AF-A906-4C3D-972A-7B397A127324}"
EndProject
Global
	GlobalSection(SolutionConfigurationPlatforms) = preSolution
		Debug|Any CPU = Debug|Any CPU
		Release|Any CPU = Release|Any CPU
	EndGlobalSection
	GlobalSection(ProjectConfigurationPlatforms) = postSolution
		{2BC253AF-A906-4C3D-972A-7B397A127324}.Debug|Any CPU.ActiveCfg = Debug|Any CPU
		{2BC253AF-A906-4C3D-972A-7B397A127324}.Debug|Any CPU.Build.0 = Debug|Any CPU
		{2BC253AF-A906-4C3D-972A-7B397A127324}.Release|Any CPU.ActiveCfg = Release|Any CPU
		{2BC253AF-A906-4C3D-972A-7B397A127324}.Release|Any CPU.Build.0 = Release|Any CPU
	EndGlobalSection
	GlobalSection(SolutionProperties) = preSolution
		HideSolutionNode = FALSE
	EndGlobalSection
	GlobalSection(ExtensibilityGlobals) = postSolution
		SolutionGuid = {F4F1070E-4387-4E3C-953A-EBA61AE76F6F}
	EndGlobalSection
EndGlobal
